version = 1
revision = 3
requires-python = ">=3.10"

[[package]]
name = "injection-tester"
version = "0.0.1"
source = { editable = "." }
dependencies = [
    { name = "tree-sitter" },
    { name = "tree-sitter-java" },
    { name = "tree-sitter-javadoc" },
]

[package.dev-dependencies]
dev = [
    { name = "ruff" },
    { name = "ty" },
]

[package.metadata]
requires-dist = [
    { name = "tree-sitter", specifier = ">=0.25" },
    { name = "tree-sitter-java", specifier = ">=0.23.5" },
    { name = "tree-sitter-javadoc", directory = "../" },
]

[package.metadata.requires-dev]
dev = [
    { name = "ruff", specifier = "==0.16.4" },
    { name = "ty", specifier = "==0.0.74" },
]

[[package]]
name = "ruff"
version = "0.16.4"
source = { registry = "https://pypi.org/simple" }
sdist = { url = "https://files.pythonhosted.org/packages/00/8f/d8074b1f25e003164087a8bfe79a0f1a3945135764dbb6aaab04103dcaf9/ruff-0.16.4.tar.gz", hash = "sha256:13171aa9d9af2240ee3504e639de73122c67e74036de5ba2e1d01422cd17e3dc", size = 4899731, upload-time = "2026-08-20T17:43:59.196Z" }
wheels = [
    { url = "https://files.pythonhosted.org/packages/ff/80/779895ef584e089d22f2c6df0d0e99a65ec2df0805f1fffd439415b8c1f0/ruff-0.16.4-py3-none-linux_armv6l.whl", hash = "sha256:df4075f71ddac40b9934af60c3ec8a53047dd5a5fdc43224e6e4e8e9a27cb6f7", size = 10006909, upload-time = "2026-08-20T17:43:16.888Z" },
    { url = "https://files.pythonhosted.org/packages/a9/e6/f553199b5e8927a05cb5c422d921fd0656b29ab976e91c44802107c6b0da/ruff-0.16.4-py3-none-macosx_10_12_x86_64.whl", hash = "sha256:0c95538517af68004306b0fb3214ff2f2af67a65092aee77cd9eb86db6656604", size = 10240201, upload-time = "2026-08-20T17:43:19.337Z" },
    { url = "https://files.pythonhosted.org/packages/1c/70/4a6dc4bb34da4dee35e30f09bbd1bfbdd26f33b62fb9b8df31f08a199cd2/ruff-0.16.4-py3-none-macosx_11_0_arm64.whl", hash = "sha256:963f83df8e69e575b64d67dd447ebbc917db41a14bf38d4593a4183e7aaa8255", size = 9835122, upload-time = "2026-08-20T17:43:21.708Z" },
    { url = "https://files.pythonhosted.org/packages/24/12/c6e22d686372c15bcb7af99831f1a1be96df696491babf4f24e4f942c527/ruff-0.16.4-py3-none-manylinux_2_17_aarch64.manylinux2014_aarch64.whl", hash = "sha256:32a5057c7ff3f6e6480a48fccfb3a412a690f48a3d03ac5cf08177d6c2da3ade", size = 9977162, upload-time = "2026-08-20T17:43:24.236Z" },
    { url = "https://files.pythonhosted.org/packages/46/49/72b10ec912f5ab5854992eaf7aa7cd36729b6937d9dc4e0fb41b3bf428ec/ruff-0.16.4-py3-none-manylinux_2_17_armv7l.manylinux2014_armv7l.whl", hash = "sha256:b3dce8d9b0c57c265b91885a66a567d8ea1372e8eb4e250fa8e5e3f579e99cff", size = 9829789, upload-time = "2026-08-20T17:43:26.966Z" },
    { url = "https://files.pythonhosted.org/packages/fa/80/0f30e32e7f6ee26edc39075502db9d368d788a44a79b55f763eb4ab03796/ruff-0.16.4-py3-none-manylinux_2_17_i686.manylinux2014_i686.whl", hash = "sha256:7dc651db49283c69f8e72c834eec4fe5573e4c646856aebece0ce385dceb2a80", size = 10527949, upload-time = "2026-08-20T17:43:29.384Z" },
    { url = "https://files.pythonhosted.org/packages/52/3d/86e8ad3542169e56cac3859a343afdb9df2ad54d35a59ce1e67baee83421/ruff-0.16.4-py3-none-manylinux_2_17_ppc64le.manylinux2014_ppc64le.whl", hash = "sha256:3817b87dbcabc92f13b05019257c5b89b5b4d51b5fb20f56fb5235ceb723cd07", size = 11333695, upload-time = "2026-08-20T17:43:31.872Z" },
    { url = "https://files.pythonhosted.org/packages/d0/16/481c29b380c20a0054a8261066665e1b3488e23636c49d0a43e75975b9bb/ruff-0.16.4-py3-none-manylinux_2_17_s390x.manylinux2014_s390x.whl", hash = "sha256:e9fce1499134b2c8c68e5166f95705a5812062bb93aacc5f9873bb1a27084bc7", size = 10727741, upload-time = "2026-08-20T17:43:34.596Z" },
    { url = "https://files.pythonhosted.org/packages/5e/b6/56bc0b8cf45b54b28b3a5e6381c8945d51b5b18adf659454c32295209a31/ruff-0.16.4-py3-none-manylinux_2_17_x86_64.manylinux2014_x86_64.whl", hash = "sha256:f2d812e482f5a7e02eee26cd73d2a37ebbdf47d795ea63ba1b89110ae93e9fb3", size = 10286522, upload-time = "2026-08-20T17:43:37.288Z" },
    { url = "https://files.pythonhosted.org/packages/e8/8b/b345b4fb110f2fbe2bd31eabd271e5e8b3b7e4ee6c0e02f2dc6be78db000/ruff-0.16.4-py3-none-manylinux_2_31_riscv64.whl", hash = "sha256:6baaf984aa7976edf93d3b627fe2d1d22ee94bbca05fa6f90fc76d73924e3454", size = 10584182, upload-time = "2026-08-20T17:43:39.984Z" },
    { url = "https://files.pythonhosted.org/packages/29/e5/827b34041c35f58774a9681a4213994c164fc987800f4dddabcf451da0bf/ruff-0.16.4-py3-none-musllinux_1_2_aarch64.whl", hash = "sha256:bdfcf0b28662eb890372d50f92c283bb94e67e7635ed93c7fd533970acff7b2b", size = 10134195, upload-time = "2026-08-20T17:43:42.351Z" },
    { url = "https://files.pythonhosted.org/packages/0f/10/d0bffcdd6729b87afc82ba0ef377173356a7dc8e972f5179968cf2fdf98c/ruff-0.16.4-py3-none-musllinux_1_2_armv7l.whl", hash = "sha256:b66b02cb9b04f537643cadf5768e5f98dc461890d530cb67113d71c8c76e605d", size = 9825821, upload-time = "2026-08-20T17:43:44.532Z" },
    { url = "https://files.pythonhosted.org/packages/f5/32/0db2a863b796ca62d83e92a07a3ccf00921b14db02059347576a2fda3d4b/ruff-0.16.4-py3-none-musllinux_1_2_i686.whl", hash = "sha256:8528bf9a4b291a60bf02ea453511e8ce6215bd2b982ee80405b66b008b6c30a0", size = 10267658, upload-time = "2026-08-20T17:43:46.989Z" },
    { url = "https://files.pythonhosted.org/packages/b2/a0/fbdeb59e48c6261f523e56c8f12e9c08fbe693786595cc7e3959207a9232/ruff-0.16.4-py3-none-musllinux_1_2_x86_64.whl", hash = "sha256:fbd85d2875fdd67e833213a651f613bbf25303abf6aa822a5121f4531195678d", size = 10697071, upload-time = "2026-08-20T17:43:49.891Z" },
    { url = "https://files.pythonhosted.org/packages/aa/28/0c6dd865859c6d17bc8ccc34cb72b0e02d6c7eb25e8a1e22b5bea681e2c0/ruff-0.16.4-py3-none-win32.whl", hash = "sha256:312769988007aaeb8e189b443ccdd03c0e6374489e053467be6d96518ebff76e", size = 10021687, upload-time = "2026-08-20T17:43:52.281Z" },
    { url = "https://files.pythonhosted.org/packages/a3/03/e724450f621698117f9aa6dd241c94d0274ae96781378dc86745ae29f0e7/ruff-0.16.4-py3-none-win_amd64.whl", hash = "sha256:05d9d27a18c4bcbefada602480ec9e01e0bc949d432e0ced5df77edac195919c", size = 10567657, upload-time = "2026-08-20T17:43:54.78Z" },
    { url = "https://files.pythonhosted.org/packages/0e/fe/da8b9e1347696bb22120b77280ec5ce25d500ca5cb39d5ad6e5c18de19c1/ruff-0.16.4-py3-none-win_arm64.whl", hash = "sha256:a3a61621c9b6f6a89573e938a080e648f1695baa3f58570a3a707bc51ff65a21", size = 10451579, upload-time = "2026-08-20T17:43:57.135Z" },
]

[[package]]
name = "tree-sitter"
version = "0.26.0"
source = { registry = "https://pypi.org/simple" }
sdist = { url = "https://files.pythonhosted.org/packages/f7/03/5600b84aff2e6c4fe80cfebb4063fe2f50299521befe5f6092ab8c082f4a/tree_sitter-0.26.0.tar.gz", hash = "sha256:b40c219edccc4564530c96f8f1556f6202b37cda964d1cbd7bd2b7e68b40a245", size = 191423, upload-time = "2026-06-30T12:14:27.933Z" }
wheels = [
    { url = "https://files.pythonhosted.org/packages/a4/2f/201c33ea65875d8e4ec73e4d1949718ec49780d84c0adf19793ef75d99a2/tree_sitter-0.26.0-cp310-cp310-macosx_10_9_x86_64.whl", hash = "sha256:ff527388df14cb5009f9274faf78cc69a7393ae6acf3b04784b8acca249519c5", size = 148676, upload-time = "2026-06-30T12:13:42.718Z" },
    { url = "https://files.pythonhosted.org/packages/9e/db/05b9d45dd2b9827bf91b6819e749227ca6d686d58658292c0f149294b18e/tree_sitter-0.26.0-cp310-cp310-macosx_11_0_arm64.whl", hash = "sha256:7bcbadfa614326debef581957d5c780a9d7f66065c13deea61aa21d1dd36263f", size = 140757, upload-time = "2026-06-30T12:13:44.007Z" },
    { url = "https://files.pythonhosted.org/packages/b9/08/1e1da65c1585b8d70130b26d65b41a71737ab623c1fab1008479c2b95b50/tree_sitter-0.26.0-cp310-cp310-manylinux2014_aarch64.manylinux_2_17_aarch64.manylinux_2_28_aarch64.whl", hash = "sha256:2f941cea06128c1f74f8937a8e2a90c7db49cf4be6647cd9e07d92a306d91517", size = 631526, upload-time = "2026-06-30T12:13:45.008Z" },
    { url = "https://files.pythonhosted.org/packages/b0/b7/06353044a80ee58a71e884b4a9b2913705849d81025d87308abdfef8f883/tree_sitter-0.26.0-cp310-cp310-manylinux2014_x86_64.manylinux_2_17_x86_64.manylinux_2_28_x86_64.whl", hash = "sha256:e9e46b664887d8c1014f1fb33e09454bbdd9ec1fe29b7fd02dde7b46bc1bb81a", size = 658688, upload-time = "2026-06-30T12:13:46.491Z" },
    { url = "https://files.pythonhosted.org/packages/df/56/c4b22ccbc4f89ae507c0b76e29f363ad4f16eb38c43f7392b3eb9afec64e/tree_sitter-0.26.0-cp310-cp310-manylinux_2_31_riscv64.manylinux_2_39_riscv64.whl", hash = "sha256:763627db05db34f12333081bd7422cc1c675893d373cc870b3e9249e200700e4", size = 644399, upload-time = "2026-06-30T12:13:47.719Z" },
    { url = "https://files.pythonhosted.org/packages/b5/b7/6b3f0192d5b9b49a199cb0dcd5e45dd1327a82c52c80a49edd790e3a2d9b/tree_sitter-0.26.0-cp310-cp310-musllinux_1_2_x86_64.whl", hash = "sha256:17a1c5cfd3a05d5c7c86bf4282b6ef8092c91dc0a98390499669c3fedb7d1814", size = 655316, upload-time = "2026-06-30T12:13:49.03Z" },
    { url = "https://files.pythonhosted.org/packages/a5/6b/f7475c8f8d699671c2a80c3ed16f5cddd161280c6ed5b845117179c66075/tree_sitter-0.26.0-cp310-cp310-win_amd64.whl", hash = "sha256:f289be0225ba2ace8e87d6c9639b2bc9ff2b5271afb7c5d39282a4a00e248682", size = 129494, upload-time = "2026-06-30T12:13:50.242Z" },
    { url = "https://files.pythonhosted.org/packages/f6/20/0df8dd708638cba7ef875fff4ce80122af7f604f1f0b566de2164108bc01/tree_sitter-0.26.0-cp310-cp310-win_arm64.whl", hash = "sha256:526a165a2cb1d1f79e247d400f0e0acd8d49a817d6f312d543513af200b1f886", size = 116486, upload-time = "2026-06-30T12:13:51.21Z" },
    { url = "https://files.pythonhosted.org/packages/41/18/78aae7e4b5a36daaebb0276e4b07d084d45298758000787838e89329e11f/tree_sitter-0.26.0-cp311-cp311-macosx_10_9_x86_64.whl", hash = "sha256:1d6fe0e8fb4df77b5ee816228e2c4475a63d8cc1d4d3a7ffd7097b2b87fc3e95", size = 148679, upload-time = "2026-06-30T12:13:52.27Z" },
    { url = "https://files.pythonhosted.org/packages/24/e4/b371b9553b0e47d130fc2073e56cab94fecc868be04666bf5bbd1fcd1cc9/tree_sitter-0.26.0-cp311-cp311-macosx_11_0_arm64.whl", hash = "sha256:514a9bf8993e5210e7970736aaf6020d1759b670e195ef17b1c48f586aa30736", size = 140759, upload-time = "2026-06-30T12:13:53.221Z" },
    { url = "https://files.pythonhosted.org/packages/22/7d/266fb0f2c41e6fb00b0f40e7a3338cdf99651e6a6511ca72bc78fc697636/tree_sitter-0.26.0-cp311-cp311-manylinux2014_aarch64.manylinux_2_17_aarch64.manylinux_2_28_aarch64.whl", hash = "sha256:10f0d4eb94aa7242dcb7f554bcd24dd7ba1c114f00d58759ba08c7a46c8ec51a", size = 637206, upload-time = "2026-06-30T12:13:54.334Z" },
    { url = "https://files.pythonhosted.org/packages/40/9f/47cf22febb47132d5b3a507a27bb99ef89fe5c8ec420a13c6daa9b64f782/tree_sitter-0.26.0-cp311-cp311-manylinux2014_x86_64.manylinux_2_17_x86_64.manylinux_2_28_x86_64.whl", hash = "sha256:335294ce0504fcefde5245dff596778ffaf820205b98ae0b549c72e48855f1d8", size = 664758, upload-time = "2026-06-30T12:13:55.42Z" },
    { url = "https://files.pythonhosted.org/packages/4c/4d/8d144ca3beb46a62a5102b6deac76bb0da55235c2c7840faf3b12f2e9d97/tree_sitter-0.26.0-cp311-cp311-manylinux_2_31_riscv64.manylinux_2_39_riscv64.whl", hash = "sha256:f9997ba61368c48ed54e715676afadf703947a1542464e39d047764fb3624b01", size = 647438, upload-time = "2026-06-30T12:13:56.523Z" },
    { url = "https://files.pythonhosted.org/packages/4d/ed/ed1d6e78520c4fb64ed52fec3f2947bf8c1fbad7bc24e282c56193c9ba42/tree_sitter-0.26.0-cp311-cp311-musllinux_1_2_x86_64.whl", hash = "sha256:c56581ad256c4195a21bfe449fed5d44a02fe83a4a7d6e70e6ec302c881191c7", size = 661944, upload-time = "2026-06-30T12:13:57.82Z" },
    { url = "https://files.pythonhosted.org/packages/10/83/45f5bd43db1b8248d2fd08ef6cbe43e2725c539e09a2cfb8bc2818646788/tree_sitter-0.26.0-cp311-cp311-win_amd64.whl", hash = "sha256:0f8793fd18ad7eec276ed4b51c097b4bf2002b357259b66b0d75db1f3f41c754", size = 129496, upload-time = "2026-06-30T12:13:59.216Z" },
    { url = "https://files.pythonhosted.org/packages/f1/8d/be68e6c04563eb54145424cc83fe0aa8b0ba6c90d8989cf8a032671b5f16/tree_sitter-0.26.0-cp311-cp311-win_arm64.whl", hash = "sha256:dea4b4e27d49e9ec5b785d4f994da000e6726882fcc6ad05ec98478500c71aef", size = 116484, upload-time = "2026-06-30T12:14:00.147Z" },
    { url = "https://files.pythonhosted.org/packages/87/ca/565702c44815393e3a973552ad546db4e5ca081ca8698640b4e93d809f51/tree_sitter-0.26.0-cp312-cp312-macosx_10_13_x86_64.whl", hash = "sha256:6cb2bd20efb2544c19ac54486ab7cb8ec7b36f913bbe1ce95df84acb96743d9c", size = 148934, upload-time = "2026-06-30T12:14:01.188Z" },
    { url = "https://files.pythonhosted.org/packages/54/6f/8bb61957f16ec1b1d92410a006cdc84a952b6352a7313b2ad299f2d21484/tree_sitter-0.26.0-cp312-cp312-macosx_11_0_arm64.whl", hash = "sha256:918d89529786873f0982a0f59c2a303cd065fbfd1b903d71a8e4e1584f67b42e", size = 140820, upload-time = "2026-06-30T12:14:02.087Z" },
    { url = "https://files.pythonhosted.org/packages/78/0a/8a6f08559182643a814a4ab559948ae817b2851890fd9b995a4fff6541ce/tree_sitter-0.26.0-cp312-cp312-manylinux2014_aarch64.manylinux_2_17_aarch64.manylinux_2_28_aarch64.whl", hash = "sha256:30a88be89ff1f2755297f81e8080d88b795dd98720c3f9fa2acf93873182cc95", size = 638844, upload-time = "2026-06-30T12:14:03.428Z" },
    { url = "https://files.pythonhosted.org/packages/8a/2f/6e6781b31677231366cb3cf27bc8269157f6d4b03c9032865a4f5f2bbe7e/tree_sitter-0.26.0-cp312-cp312-manylinux2014_x86_64.manylinux_2_17_x86_64.manylinux_2_28_x86_64.whl", hash = "sha256:5a6b333b0282d8bb0af741f9b018bd2523d4eecb2686bf6717066a625fecfaa4", size = 667487, upload-time = "2026-06-30T12:14:04.669Z" },
    { url = "https://files.pythonhosted.org/packages/02/0b/0483078c8567445557a7015b0e5b187f6d7d4fda73464df9c4bdea7f7f3c/tree_sitter-0.26.0-cp312-cp312-manylinux_2_31_riscv64.manylinux_2_39_riscv64.whl", hash = "sha256:3f3c44339dd34fe8eb2b8d5aa7610660499a795f70376b130bbee7a437337280", size = 647975, upload-time = "2026-06-30T12:14:05.797Z" },
    { url = "https://files.pythonhosted.org/packages/27/68/da83ca72c984e96ab4eb3bee0db1a6ffb5de1c8c455f92bd9f420cde7f0e/tree_sitter-0.26.0-cp312-cp312-musllinux_1_2_x86_64.whl", hash = "sha256:94550e13b6ae576969da40246f4c4abb206380b5375ad43f26dd9151d55438e3", size = 665018, upload-time = "2026-06-30T12:14:07.278Z" },
    { url = "https://files.pythonhosted.org/packages/d1/36/4d67927fd47b89af4a00f65f55a7370e28778cd50e972c2430487e3ecc27/tree_sitter-0.26.0-cp312-cp312-win_amd64.whl", hash = "sha256:ca89e361a276dbc934b28a43dd881199e25d34ff5493ee0ce45f3c52a6124a37", size = 129619, upload-time = "2026-06-30T12:14:08.373Z" },
    { url = "https://files.pythonhosted.org/packages/ed/72/cdefad523eb78710679c6da6a79e3d90f5afd32b1c6aa5a17bac7eef99f6/tree_sitter-0.26.0-cp312-cp312-win_arm64.whl", hash = "sha256:bc6cb01d5ee75c85424aa1f1c72a82d8f07fd52539a0f3c4a6ed3e8721079b84", size = 116545, upload-time = "2026-06-30T12:14:09.273Z" },
    { url = "https://files.pythonhosted.org/packages/cb/b0/465257cf8f972ad9f9812ec1cbaa8ec210ebebb601ade9a15881aa2436b4/tree_sitter-0.26.0-cp313-cp313-macosx_10_13_x86_64.whl", hash = "sha256:ed0889dbed843ce45ede9f5169c0b2dea2222f12685844a03fadb81f12705867", size = 148893, upload-time = "2026-06-30T12:14:10.541Z" },
    { url = "https://files.pythonhosted.org/packages/a1/ec/19d093e854b45e807fecfdd26105c266f43aeecc39c4dc97992a7074ad5a/tree_sitter-0.26.0-cp313-cp313-macosx_11_0_arm64.whl", hash = "sha256:6189c6c340c7384357711e3d92645e96bfb79f7a502f86de1ebdb23eb43f7dab", size = 140829, upload-time = "2026-06-30T12:14:11.626Z" },
    { url = "https://files.pythonhosted.org/packages/9b/ee/87e74671ed63a837e7a1f17ab94aa3913871e033b27523d8e7b83d6f7ad0/tree_sitter-0.26.0-cp313-cp313-manylinux2014_aarch64.manylinux_2_17_aarch64.manylinux_2_28_aarch64.whl", hash = "sha256:8ff2e0750b7daa722302838356d7b65e303829b7eb73c915df127ddba115e1d1", size = 639334, upload-time = "2026-06-30T12:14:12.836Z" },
    { url = "https://files.pythonhosted.org/packages/66/e7/f7e04cd9dff6b6ac0adf23922796fbc76accd4cf4bcda50542748d485679/tree_sitter-0.26.0-cp313-cp313-manylinux2014_x86_64.manylinux_2_17_x86_64.manylinux_2_28_x86_64.whl", hash = "sha256:7075ef857ef86f327dbb72d1e2574dda78db5754b3a1fca6506acd7fe5d561a7", size = 668102, upload-time = "2026-06-30T12:14:14.035Z" },
    { url = "https://files.pythonhosted.org/packages/d3/90/0bfb16b7894fea728c774a89d5af421a9368a2f913bbd4e8dcab7caaecfb/tree_sitter-0.26.0-cp313-cp313-manylinux_2_31_riscv64.manylinux_2_39_riscv64.whl", hash = "sha256:26c996c1edfee86e977bb3f5462e74fcec0d0b0db1e85a3c475875763caa03be", size = 648560, upload-time = "2026-06-30T12:14:15.302Z" },
    { url = "https://files.pythonhosted.org/packages/cd/e6/0fe05ba396e9623b0ae40ccf34171336b8701ec8d7bd0ee9f5224d638665/tree_sitter-0.26.0-cp313-cp313-musllinux_1_2_x86_64.whl", hash = "sha256:00289bfe7978f3e0dc0ce69813a20fa9f44ea4c100b3ec62043e5eb74ccfc3a2", size = 665121, upload-time = "2026-06-30T12:14:16.403Z" },
    { url = "https://files.pythonhosted.org/packages/eb/d2/a944b1ca35bed6068dc84a9967aaf3049d8cc0b7a36179eea8787270a6ab/tree_sitter-0.26.0-cp313-cp313-win_amd64.whl", hash = "sha256:93e220cab7e6a823efeb2046c49171427de92ef71c7c681c01820d14d8d3721f", size = 129615, upload-time = "2026-06-30T12:14:17.463Z" },
    { url = "https://files.pythonhosted.org/packages/09/ef/c7ca48293580d2249f36940c4eed5b4ddeb9ce75baf9a4ef30621987e0c7/tree_sitter-0.26.0-cp313-cp313-win_arm64.whl", hash = "sha256:b31a8195d2f224224c530ac814632d98c1dcc123d227442c07c736e86b70d564", size = 116525, upload-time = "2026-06-30T12:14:18.53Z" },
    { url = "https://files.pythonhosted.org/packages/c5/7a/4d84e6f6ae2c3e757490dd84de251712c31e293dfe31f28da1ec019cefa2/tree_sitter-0.26.0-cp314-cp314-macosx_10_15_x86_64.whl", hash = "sha256:5a3c93a352b7e6f70f73e121bbfa2d0117ba7478bd51114ed35c91b0b78814fa", size = 148901, upload-time = "2026-06-30T12:14:19.452Z" },
    { url = "https://files.pythonhosted.org/packages/b0/d9/efe62ec65dc9d096e834d27b8c058127e2146e42ff3380b822a233f016a6/tree_sitter-0.26.0-cp314-cp314-macosx_11_0_arm64.whl", hash = "sha256:5fc2f41bf246ff2f70a9cc3690be35ec7580a4923151873d898c8bcb1a4503d3", size = 140805, upload-time = "2026-06-30T12:14:20.478Z" },
    { url = "https://files.pythonhosted.org/packages/c4/2c/c82326b7b97e3c485c18679883b16f89e5e913c639d3b219d3da70c9e67e/tree_sitter-0.26.0-cp314-cp314-manylinux2014_aarch64.manylinux_2_17_aarch64.manylinux_2_28_aarch64.whl", hash = "sha256:b8ea92a255c91671a7ec4625aba3ab7bb5220c423630ffbf83c45d7312abe084", size = 640586, upload-time = "2026-06-30T12:14:21.527Z" },
    { url = "https://files.pythonhosted.org/packages/e2/7a/f56e7d8282859452611024c7cbc623bfba5b24b8cb9b8f8bc88c5219fe9a/tree_sitter-0.26.0-cp314-cp314-manylinux2014_x86_64.manylinux_2_17_x86_64.manylinux_2_28_x86_64.whl", hash = "sha256:f665510f0fcf4636fb9696f1f7853bed7a3bd764b7bb0cb8494e619c14ed5a0c", size = 668300, upload-time = "2026-06-30T12:14:22.728Z" },
    { url = "https://files.pythonhosted.org/packages/91/51/240ee81b9d5e9ca0a6cb1528e8605ffa70ab58c89ce126631be96d3e4bae/tree_sitter-0.26.0-cp314-cp314-manylinux_2_31_riscv64.manylinux_2_39_riscv64.whl", hash = "sha256:253df7ab82cc0a9d311cd65f06e9f99fb3eac55996ae9fc94da22f123a861b90", size = 649627, upload-time = "2026-06-30T12:14:23.819Z" },
    { url = "https://files.pythonhosted.org/packages/6a/54/760035cefedf9eb44f0f84c4ac22f1322e73155853e272576ee876336312/tree_sitter-0.26.0-cp314-cp314-musllinux_1_2_x86_64.whl", hash = "sha256:ff80d4833d330a73184a3ac5132abe93c575d2dea31975c6f15c0d21fef238aa", size = 664885, upload-time = "2026-06-30T12:14:25.064Z" },
    { url = "https://files.pythonhosted.org/packages/c9/1b/0b36fe2a984ecedc4ce6aefd5d56447a6626a8e9b595c4e48658510ce8f8/tree_sitter-0.26.0-cp314-cp314-win_amd64.whl", hash = "sha256:a4033fecc8f606c7f2e8b8014d0057b74668a7f0152763606f7bc25c5f9ec64c", size = 132688, upload-time = "2026-06-30T12:14:26.106Z" },
    { url = "https://files.pythonhosted.org/packages/4d/74/ebc041a13fbf40144afdb0d4b447e48e0b4012ca866c63de8b48f801f0c1/tree_sitter-0.26.0-cp314-cp314-win_arm64.whl", hash = "sha256:823251c4b6725a7c03ed497a339135ede7ae4bdde75bb8be7ef5e305aeb4ff52", size = 120287, upload-time = "2026-06-30T12:14:26.991Z" },
]

[[package]]
name = "tree-sitter-java"
version = "0.23.5"
source = { registry = "https://pypi.org/simple" }
sdist = { url = "https://files.pythonhosted.org/packages/fa/dc/eb9c8f96304e5d8ae1663126d89967a622a80937ad2909903569ccb7ec8f/tree_sitter_java-0.23.5.tar.gz", hash = "sha256:f5cd57b8f1270a7f0438878750d02ccc79421d45cca65ff284f1527e9ef02e38", size = 138121, upload-time = "2024-12-21T18:24:26.936Z" }
wheels = [
    { url = "https://files.pythonhosted.org/packages/67/21/b3399780b440e1567a11d384d0ebb1aea9b642d0d98becf30fa55c0e3a3b/tree_sitter_java-0.23.5-cp39-abi3-macosx_10_9_x86_64.whl", hash = "sha256:355ce0308672d6f7013ec913dee4a0613666f4cda9044a7824240d17f38209df", size = 58926, upload-time = "2024-12-21T18:24:12.53Z" },
    { url = "https://files.pythonhosted.org/packages/57/ef/6406b444e2a93bc72a04e802f4107e9ecf04b8de4a5528830726d210599c/tree_sitter_java-0.23.5-cp39-abi3-macosx_11_0_arm64.whl", hash = "sha256:24acd59c4720dedad80d548fe4237e43ef2b7a4e94c8549b0ca6e4c4d7bf6e69", size = 62288, upload-time = "2024-12-21T18:24:14.634Z" },
    { url = "https://files.pythonhosted.org/packages/4e/6c/74b1c150d4f69c291ab0b78d5dd1b59712559bbe7e7daf6d8466d483463f/tree_sitter_java-0.23.5-cp39-abi3-manylinux_2_17_aarch64.manylinux2014_aarch64.whl", hash = "sha256:9401e7271f0b333df39fc8a8336a0caf1b891d9a2b89ddee99fae66b794fc5b7", size = 85533, upload-time = "2024-12-21T18:24:16.695Z" },
    { url = "https://files.pythonhosted.org/packages/29/09/e0d08f5c212062fd046db35c1015a2621c2631bc8b4aae5740d7adb276ad/tree_sitter_java-0.23.5-cp39-abi3-manylinux_2_5_x86_64.manylinux1_x86_64.manylinux_2_17_x86_64.manylinux2014_x86_64.whl", hash = "sha256:370b204b9500b847f6d0c5ad584045831cee69e9a3e4d878535d39e4a7e4c4f1", size = 84033, upload-time = "2024-12-21T18:24:18.758Z" },
    { url = "https://files.pythonhosted.org/packages/43/56/7d06b23ddd09bde816a131aa504ee11a1bbe87c6b62ab9b2ed23849a3382/tree_sitter_java-0.23.5-cp39-abi3-musllinux_1_2_x86_64.whl", hash = "sha256:aae84449e330363b55b14a2af0585e4e0dae75eb64ea509b7e5b0e1de536846a", size = 82564, upload-time = "2024-12-21T18:24:20.493Z" },
    { url = "https://files.pythonhosted.org/packages/da/d6/0528c7e1e88a18221dbd8ccee3825bf274b1fa300f745fd74eb343878043/tree_sitter_java-0.23.5-cp39-abi3-win_amd64.whl", hash = "sha256:1ee45e790f8d31d416bc84a09dac2e2c6bc343e89b8a2e1d550513498eedfde7", size = 60650, upload-time = "2024-12-21T18:24:22.902Z" },
    { url = "https://files.pythonhosted.org/packages/72/57/5bab54d23179350356515526fff3cc0f3ac23bfbc1a1d518a15978d4880e/tree_sitter_java-0.23.5-cp39-abi3-win_arm64.whl", hash = "sha256:402efe136104c5603b429dc26c7e75ae14faaca54cfd319ecc41c8f2534750f4", size = 59059, upload-time = "2024-12-21T18:24:24.934Z" },
]

[[package]]
name = "tree-sitter-javadoc"
version = "0.3.1"
source = { directory = "../" }

[package.metadata]
requires-dist = [{ name = "tree-sitter", marker = "extra == 'core'", specifier = "~=0.25" }]
provides-extras = ["core"]

[[package]]
name = "ty"
version = "0.0.74"
source = { registry = "https://pypi.org/simple" }
sdist = { url = "https://files.pythonhosted.org/packages/88/0f/c767853e88567a2ec7e996dd95e3105b1bc62c95d103689311ef0f4a603c/ty-0.0.74.tar.gz", hash = "sha256:da14344fc8625fc9ff359bafb856ad575636ea86d9bb6a629b146bff27b380e6", size = 6786318, upload-time = "2026-08-22T15:05:54.054Z" }
wheels = [
    { url = "https://files.pythonhosted.org/packages/2c/95/6ded58bc97885c6d88fa1f9cd815031489200738f961cbf0466663213f80/ty-0.0.74-py3-none-linux_armv6l.whl", hash = "sha256:8969ef4e508debf00cf58f9ea85a539f799b1732c59cdfcecd037630b9755b30", size = 12790043, upload-time = "2026-08-22T15:05:05.015Z" },
    { url = "https://files.pythonhosted.org/packages/d9/8a/5e323603b6ab8731144421877ee8a0f8ac5a5511e67857127caa09f6730e/ty-0.0.74-py3-none-macosx_10_12_x86_64.whl", hash = "sha256:51fb6cf5b98e1e1140825b2430943f78d744876a735231656eafbb4c3f7eca3c", size = 12371748, upload-time = "2026-08-22T15:05:08.609Z" },
    { url = "https://files.pythonhosted.org/packages/d0/44/ee72e08cb705281e8d8c42917dd577aa598a8a098008495fda5176ee3f6e/ty-0.0.74-py3-none-macosx_11_0_arm64.whl", hash = "sha256:8ebe60b1f0a948c793d6c77fc9e9ddda599e4f023c04ab16e8e03bcb428c3fa0", size = 12282403, upload-time = "2026-08-22T15:05:11.448Z" },
    { url = "https://files.pythonhosted.org/packages/da/b3/fd935b694ff68bc278af50f7ad04770b36ce6306399baef7e1847b553a9d/ty-0.0.74-py3-none-manylinux_2_17_aarch64.manylinux2014_aarch64.whl", hash = "sha256:aa97f407a695c890a53615966a663c7d2167e2cabe88db7ca1a24d62635cdfc8", size = 12345164, upload-time = "2026-08-22T15:05:14.19Z" },
    { url = "https://files.pythonhosted.org/packages/54/5c/5b5825268e029ebb164c909780103dbbae367f069801410068bf1cef29b3/ty-0.0.74-py3-none-manylinux_2_17_armv7l.manylinux2014_armv7l.whl", hash = "sha256:673ddb733d4a0db31385ba1ed9ff1f6bd9dc5565413ce57b1ca5ac4c7803da5d", size = 12556646, upload-time = "2026-08-22T15:05:16.994Z" },
    { url = "https://files.pythonhosted.org/packages/56/e7/515914e571d62ce0101744fed3f881936eeb1b30dc37beb72b4f7ca1e289/ty-0.0.74-py3-none-manylinux_2_17_i686.manylinux2014_i686.whl", hash = "sha256:1028e7c6b4f6145e9704552f43a5fffdcd51b42263ffdcd9c9677762bc395a4a", size = 13311653, upload-time = "2026-08-22T15:05:20.254Z" },
    { url = "https://files.pythonhosted.org/packages/b0/07/d1452babb6f9266c2122cabc095180b70ed306fb770b2996753814d2237d/ty-0.0.74-py3-none-manylinux_2_17_ppc64le.manylinux2014_ppc64le.whl", hash = "sha256:79841a8890493021fb308772474983316eb91f7b56cb227a6a05a06b262a36f0", size = 13768284, upload-time = "2026-08-22T15:05:23.197Z" },
    { url = "https://files.pythonhosted.org/packages/b1/60/8d4a2fc7842a47210a1cb0a16a187d9de39ad5d509a00fb74c1c073afcde/ty-0.0.74-py3-none-manylinux_2_17_s390x.manylinux2014_s390x.whl", hash = "sha256:94859d321f3c6a6c8f7bfc3f40e8319cda7e6e012e613440f3dfd145d5010e2e", size = 13422306, upload-time = "2026-08-22T15:05:26.248Z" },
    { url = "https://files.pythonhosted.org/packages/de/76/ebbc269a8c4efcc4d44624993bd188145f20d60ebda9680b15aaec42cc50/ty-0.0.74-py3-none-manylinux_2_17_x86_64.manylinux2014_x86_64.whl", hash = "sha256:970a8b2c09ff3be04c8a1c6767332d861be4fce85efe7bb205e4ade7c8655274", size = 12970637, upload-time = "2026-08-22T15:05:29.15Z" },
    { url = "https://files.pythonhosted.org/packages/9e/dd/b99f7236acbf856780ca1779a48143d2d9f2c24d7f531a0ce15a022b8a87/ty-0.0.74-py3-none-manylinux_2_31_riscv64.whl", hash = "sha256:795f763b3ded85574c2c2846a6fb8acf2aa76e9e83d761143e92b1f0c7ffa2cd", size = 13344891, upload-time = "2026-08-22T15:05:32.033Z" },
    { url = "https://files.pythonhosted.org/packages/0b/d7/9ff7449a4c7e6428f2c6f298e74cf24b70668f29d45c249507a723ff3782/ty-0.0.74-py3-none-musllinux_1_2_aarch64.whl", hash = "sha256:dc086db5367d912c31c0cc872deb7387290e779a4b9b54fcb944673a7cd52c7b", size = 12395272, upload-time = "2026-08-22T15:05:34.702Z" },
    { url = "https://files.pythonhosted.org/packages/b1/dd/b23a5b6b35d37df89dc8dc5daa09efd9245a668b50c4c81c25de21567dc1/ty-0.0.74-py3-none-musllinux_1_2_armv7l.whl", hash = "sha256:0314d7b391cf684e47c2fa093d2ce4c597cfc9b01d9a315fe204aed6359b271b", size = 12573079, upload-time = "2026-08-22T15:05:37.683Z" },
    { url = "https://files.pythonhosted.org/packages/23/c5/ccba16239d6129533c8b3603458d0f4dd2ba69478e47059073968e74261d/ty-0.0.74-py3-none-musllinux_1_2_i686.whl", hash = "sha256:c4a45dd2e991e8bdae82ba78c8cd051b253f60bc71a6536598fa3ef580b4fc9b", size = 12832506, upload-time = "2026-08-22T15:05:40.505Z" },
    { url = "https://files.pythonhosted.org/packages/6d/1c/2390912634dff4f341f97b397f2aee341ff062be0a66cda37d59375454f2/ty-0.0.74-py3-none-musllinux_1_2_x86_64.whl", hash = "sha256:210e2eac6b018fb934e2b8dac3956a0ba076a3fb1fa6f135058c825e5b759b81", size = 13154752, upload-time = "2026-08-22T15:05:43.355Z" },
    { url = "https://files.pythonhosted.org/packages/c4/33/a8c12188227e6f74f91853a7374e01ed81d6ad21c16c8b70e92dbebfe46a/ty-0.0.74-py3-none-win32.whl", hash = "sha256:db0bb6a8f098ef9bd1be861f73b4f7c0320d40d4c05c7ae0a8677d4e7aa4f6e5", size = 12130002, upload-time = "2026-08-22T15:05:46.058Z" },
    { url = "https://files.pythonhosted.org/packages/21/5c/064f28ccb9c234cfce5a2f7aa69a256663d5ae5bb0290b3a9706cc4d1e4c/ty-0.0.74-py3-none-win_amd64.whl", hash = "sha256:bebff181515255b3c78bd2e7693ae66fab6064ad4feea2065c68bc01022aa678", size = 12771435, upload-time = "2026-08-22T15:05:48.811Z" },
    { url = "https://files.pythonhosted.org/packages/fe/06/d6becdaca0315346c26b6df97cb0eafa81de4f870945d6989e88704374ed/ty-0.0.74-py3-none-win_arm64.whl", hash = "sha256:1a3469eaaf8c85b1c0a15bede25d36daea4b09fce1d913e965b24e24b3f1d6c6", size = 12558299, upload-time = "2026-08-22T15:05:51.543Z" },
]
