version = 1
revision = 3
requires-python = ">=3.10"

[[package]]
name = "injection-tester"
version = "0.0.1"
source = { editable = "." }
dependencies = [
    { name = "tree-sitter" },
    { name = "tree-sitter-java" },
    { name = "tree-sitter-javadoc" },
]

[package.dev-dependencies]
dev = [
    { name = "ruff" },
    { name = "ty" },
]

[package.metadata]
requires-dist = [
    { name = "tree-sitter", specifier = ">=0.25" },
    { name = "tree-sitter-java", specifier = ">=0.23.5" },
    { name = "tree-sitter-javadoc", directory = "../" },
]

[package.metadata.requires-dev]
dev = [
    { name = "ruff", specifier = "==0.14.14" },
    { name = "ty", specifier = "==0.0.7" },
]

[[package]]
name = "ruff"
version = "0.14.14"
source = { registry = "https://pypi.org/simple" }
sdist = { url = "https://files.pythonhosted.org/packages/2e/06/f71e3a86b2df0dfa2d2f72195941cd09b44f87711cb7fa5193732cb9a5fc/ruff-0.14.14.tar.gz", hash = "sha256:2d0f819c9a90205f3a867dbbd0be083bee9912e170fd7d9704cc8ae45824896b", size = 4515732, upload-time = "2026-01-22T22:30:17.527Z" }
wheels = [
    { url = "https://files.pythonhosted.org/packages/d2/89/20a12e97bc6b9f9f68343952da08a8099c57237aef953a56b82711d55edd/ruff-0.14.14-py3-none-linux_armv6l.whl", hash = "sha256:7cfe36b56e8489dee8fbc777c61959f60ec0f1f11817e8f2415f429552846aed", size = 10467650, upload-time = "2026-01-22T22:30:08.578Z" },
    { url = "https://files.pythonhosted.org/packages/a3/b1/c5de3fd2d5a831fcae21beda5e3589c0ba67eec8202e992388e4b17a6040/ruff-0.14.14-py3-none-macosx_10_12_x86_64.whl", hash = "sha256:6006a0082336e7920b9573ef8a7f52eec837add1265cc74e04ea8a4368cd704c", size = 10883245, upload-time = "2026-01-22T22:30:04.155Z" },
    { url = "https://files.pythonhosted.org/packages/b8/7c/3c1db59a10e7490f8f6f8559d1db8636cbb13dccebf18686f4e3c9d7c772/ruff-0.14.14-py3-none-macosx_11_0_arm64.whl", hash = "sha256:026c1d25996818f0bf498636686199d9bd0d9d6341c9c2c3b62e2a0198b758de", size = 10231273, upload-time = "2026-01-22T22:30:34.642Z" },
    { url = "https://files.pythonhosted.org/packages/a1/6e/5e0e0d9674be0f8581d1f5e0f0a04761203affce3232c1a1189d0e3b4dad/ruff-0.14.14-py3-none-manylinux_2_17_aarch64.manylinux2014_aarch64.whl", hash = "sha256:f666445819d31210b71e0a6d1c01e24447a20b85458eea25a25fe8142210ae0e", size = 10585753, upload-time = "2026-01-22T22:30:31.781Z" },
    { url = "https://files.pythonhosted.org/packages/23/09/754ab09f46ff1884d422dc26d59ba18b4e5d355be147721bb2518aa2a014/ruff-0.14.14-py3-none-manylinux_2_17_armv7l.manylinux2014_armv7l.whl", hash = "sha256:3c0f18b922c6d2ff9a5e6c3ee16259adc513ca775bcf82c67ebab7cbd9da5bc8", size = 10286052, upload-time = "2026-01-22T22:30:24.827Z" },
    { url = "https://files.pythonhosted.org/packages/c8/cc/e71f88dd2a12afb5f50733851729d6b571a7c3a35bfdb16c3035132675a0/ruff-0.14.14-py3-none-manylinux_2_17_i686.manylinux2014_i686.whl", hash = "sha256:1629e67489c2dea43e8658c3dba659edbfd87361624b4040d1df04c9740ae906", size = 11043637, upload-time = "2026-01-22T22:30:13.239Z" },
    { url = "https://files.pythonhosted.org/packages/67/b2/397245026352494497dac935d7f00f1468c03a23a0c5db6ad8fc49ca3fb2/ruff-0.14.14-py3-none-manylinux_2_17_ppc64.manylinux2014_ppc64.whl", hash = "sha256:27493a2131ea0f899057d49d303e4292b2cae2bb57253c1ed1f256fbcd1da480", size = 12194761, upload-time = "2026-01-22T22:30:22.542Z" },
    { url = "https://files.pythonhosted.org/packages/5b/06/06ef271459f778323112c51b7587ce85230785cd64e91772034ddb88f200/ruff-0.14.14-py3-none-manylinux_2_17_ppc64le.manylinux2014_ppc64le.whl", hash = "sha256:01ff589aab3f5b539e35db38425da31a57521efd1e4ad1ae08fc34dbe30bd7df", size = 12005701, upload-time = "2026-01-22T22:30:20.499Z" },
    { url = "https://files.pythonhosted.org/packages/41/d6/99364514541cf811ccc5ac44362f88df66373e9fec1b9d1c4cc830593fe7/ruff-0.14.14-py3-none-manylinux_2_17_s390x.manylinux2014_s390x.whl", hash = "sha256:1cc12d74eef0f29f51775f5b755913eb523546b88e2d733e1d701fe65144e89b", size = 11282455, upload-time = "2026-01-22T22:29:59.679Z" },
    { url = "https://files.pythonhosted.org/packages/ca/71/37daa46f89475f8582b7762ecd2722492df26421714a33e72ccc9a84d7a5/ruff-0.14.14-py3-none-manylinux_2_17_x86_64.manylinux2014_x86_64.whl", hash = "sha256:bb8481604b7a9e75eff53772496201690ce2687067e038b3cc31aaf16aa0b974", size = 11215882, upload-time = "2026-01-22T22:29:57.032Z" },
    { url = "https://files.pythonhosted.org/packages/2c/10/a31f86169ec91c0705e618443ee74ede0bdd94da0a57b28e72db68b2dbac/ruff-0.14.14-py3-none-manylinux_2_31_riscv64.whl", hash = "sha256:14649acb1cf7b5d2d283ebd2f58d56b75836ed8c6f329664fa91cdea19e76e66", size = 11180549, upload-time = "2026-01-22T22:30:27.175Z" },
    { url = "https://files.pythonhosted.org/packages/fd/1e/c723f20536b5163adf79bdd10c5f093414293cdf567eed9bdb7b83940f3f/ruff-0.14.14-py3-none-musllinux_1_2_aarch64.whl", hash = "sha256:e8058d2145566510790eab4e2fad186002e288dec5e0d343a92fe7b0bc1b3e13", size = 10543416, upload-time = "2026-01-22T22:30:01.964Z" },
    { url = "https://files.pythonhosted.org/packages/3e/34/8a84cea7e42c2d94ba5bde1d7a4fae164d6318f13f933d92da6d7c2041ff/ruff-0.14.14-py3-none-musllinux_1_2_armv7l.whl", hash = "sha256:e651e977a79e4c758eb807f0481d673a67ffe53cfa92209781dfa3a996cf8412", size = 10285491, upload-time = "2026-01-22T22:30:29.51Z" },
    { url = "https://files.pythonhosted.org/packages/55/ef/b7c5ea0be82518906c978e365e56a77f8de7678c8bb6651ccfbdc178c29f/ruff-0.14.14-py3-none-musllinux_1_2_i686.whl", hash = "sha256:cc8b22da8d9d6fdd844a68ae937e2a0adf9b16514e9a97cc60355e2d4b219fc3", size = 10733525, upload-time = "2026-01-22T22:30:06.499Z" },
    { url = "https://files.pythonhosted.org/packages/6a/5b/aaf1dfbcc53a2811f6cc0a1759de24e4b03e02ba8762daabd9b6bd8c59e3/ruff-0.14.14-py3-none-musllinux_1_2_x86_64.whl", hash = "sha256:16bc890fb4cc9781bb05beb5ab4cd51be9e7cb376bf1dd3580512b24eb3fda2b", size = 11315626, upload-time = "2026-01-22T22:30:36.848Z" },
    { url = "https://files.pythonhosted.org/packages/2c/aa/9f89c719c467dfaf8ad799b9bae0df494513fb21d31a6059cb5870e57e74/ruff-0.14.14-py3-none-win32.whl", hash = "sha256:b530c191970b143375b6a68e6f743800b2b786bbcf03a7965b06c4bf04568167", size = 10502442, upload-time = "2026-01-22T22:30:38.93Z" },
    { url = "https://files.pythonhosted.org/packages/87/44/90fa543014c45560cae1fffc63ea059fb3575ee6e1cb654562197e5d16fb/ruff-0.14.14-py3-none-win_amd64.whl", hash = "sha256:3dde1435e6b6fe5b66506c1dff67a421d0b7f6488d466f651c07f4cab3bf20fd", size = 11630486, upload-time = "2026-01-22T22:30:10.852Z" },
    { url = "https://files.pythonhosted.org/packages/9e/6a/40fee331a52339926a92e17ae748827270b288a35ef4a15c9c8f2ec54715/ruff-0.14.14-py3-none-win_arm64.whl", hash = "sha256:56e6981a98b13a32236a72a8da421d7839221fa308b223b9283312312e5ac76c", size = 10920448, upload-time = "2026-01-22T22:30:15.417Z" },
]

[[package]]
name = "tree-sitter"
version = "0.25.2"
source = { registry = "https://pypi.org/simple" }
sdist = { url = "https://files.pythonhosted.org/packages/66/7c/0350cfc47faadc0d3cf7d8237a4e34032b3014ddf4a12ded9933e1648b55/tree-sitter-0.25.2.tar.gz", hash = "sha256:fe43c158555da46723b28b52e058ad444195afd1db3ca7720c59a254544e9c20", size = 177961, upload-time = "2025-09-25T17:37:59.751Z" }
wheels = [
    { url = "https://files.pythonhosted.org/packages/e2/d4/f7ffb855cb039b7568aba4911fbe42e4c39c0e4398387c8e0d8251489992/tree_sitter-0.25.2-cp310-cp310-macosx_10_9_x86_64.whl", hash = "sha256:72a510931c3c25f134aac2daf4eb4feca99ffe37a35896d7150e50ac3eee06c7", size = 146749, upload-time = "2025-09-25T17:37:16.475Z" },
    { url = "https://files.pythonhosted.org/packages/9a/58/f8a107f9f89700c0ab2930f1315e63bdedccbb5fd1b10fcbc5ebadd54ac8/tree_sitter-0.25.2-cp310-cp310-macosx_11_0_arm64.whl", hash = "sha256:44488e0e78146f87baaa009736886516779253d6d6bac3ef636ede72bc6a8234", size = 137766, upload-time = "2025-09-25T17:37:18.138Z" },
    { url = "https://files.pythonhosted.org/packages/19/fb/357158d39f01699faea466e8fd5a849f5a30252c68414bddc20357a9ac79/tree_sitter-0.25.2-cp310-cp310-manylinux2014_aarch64.manylinux_2_17_aarch64.manylinux_2_28_aarch64.whl", hash = "sha256:c2f8e7d6b2f8489d4a9885e3adcaef4bc5ff0a275acd990f120e29c4ab3395c5", size = 599809, upload-time = "2025-09-25T17:37:19.169Z" },
    { url = "https://files.pythonhosted.org/packages/c5/a4/68ae301626f2393a62119481cb660eb93504a524fc741a6f1528a4568cf6/tree_sitter-0.25.2-cp310-cp310-manylinux2014_x86_64.manylinux_2_17_x86_64.manylinux_2_28_x86_64.whl", hash = "sha256:20b570690f87f1da424cd690e51cc56728d21d63f4abd4b326d382a30353acc7", size = 627676, upload-time = "2025-09-25T17:37:20.715Z" },
    { url = "https://files.pythonhosted.org/packages/69/fe/4c1bef37db5ca8b17ca0b3070f2dff509468a50b3af18f17665adcab42b9/tree_sitter-0.25.2-cp310-cp310-musllinux_1_2_x86_64.whl", hash = "sha256:a0ec41b895da717bc218a42a3a7a0bfcfe9a213d7afaa4255353901e0e21f696", size = 624281, upload-time = "2025-09-25T17:37:21.823Z" },
    { url = "https://files.pythonhosted.org/packages/d4/30/3283cb7fa251cae2a0bf8661658021a789810db3ab1b0569482d4a3671fd/tree_sitter-0.25.2-cp310-cp310-win_amd64.whl", hash = "sha256:7712335855b2307a21ae86efe949c76be36c6068d76df34faa27ce9ee40ff444", size = 127295, upload-time = "2025-09-25T17:37:22.977Z" },
    { url = "https://files.pythonhosted.org/packages/88/90/ceb05e6de281aebe82b68662890619580d4ffe09283ebd2ceabcf5df7b4a/tree_sitter-0.25.2-cp310-cp310-win_arm64.whl", hash = "sha256:a925364eb7fbb9cdce55a9868f7525a1905af512a559303bd54ef468fd88cb37", size = 113991, upload-time = "2025-09-25T17:37:23.854Z" },
    { url = "https://files.pythonhosted.org/packages/7c/22/88a1e00b906d26fa8a075dd19c6c3116997cb884bf1b3c023deb065a344d/tree_sitter-0.25.2-cp311-cp311-macosx_10_9_x86_64.whl", hash = "sha256:b8ca72d841215b6573ed0655b3a5cd1133f9b69a6fa561aecad40dca9029d75b", size = 146752, upload-time = "2025-09-25T17:37:24.775Z" },
    { url = "https://files.pythonhosted.org/packages/57/1c/22cc14f3910017b7a76d7358df5cd315a84fe0c7f6f7b443b49db2e2790d/tree_sitter-0.25.2-cp311-cp311-macosx_11_0_arm64.whl", hash = "sha256:cc0351cfe5022cec5a77645f647f92a936b38850346ed3f6d6babfbeeeca4d26", size = 137765, upload-time = "2025-09-25T17:37:26.103Z" },
    { url = "https://files.pythonhosted.org/packages/1c/0c/d0de46ded7d5b34631e0f630d9866dab22d3183195bf0f3b81de406d6622/tree_sitter-0.25.2-cp311-cp311-manylinux2014_aarch64.manylinux_2_17_aarch64.manylinux_2_28_aarch64.whl", hash = "sha256:1799609636c0193e16c38f366bda5af15b1ce476df79ddaae7dd274df9e44266", size = 604643, upload-time = "2025-09-25T17:37:27.398Z" },
    { url = "https://files.pythonhosted.org/packages/34/38/b735a58c1c2f60a168a678ca27b4c1a9df725d0bf2d1a8a1c571c033111e/tree_sitter-0.25.2-cp311-cp311-manylinux2014_x86_64.manylinux_2_17_x86_64.manylinux_2_28_x86_64.whl", hash = "sha256:3e65ae456ad0d210ee71a89ee112ac7e72e6c2e5aac1b95846ecc7afa68a194c", size = 632229, upload-time = "2025-09-25T17:37:28.463Z" },
    { url = "https://files.pythonhosted.org/packages/32/f6/cda1e1e6cbff5e28d8433578e2556d7ba0b0209d95a796128155b97e7693/tree_sitter-0.25.2-cp311-cp311-musllinux_1_2_x86_64.whl", hash = "sha256:49ee3c348caa459244ec437ccc7ff3831f35977d143f65311572b8ba0a5f265f", size = 629861, upload-time = "2025-09-25T17:37:29.593Z" },
    { url = "https://files.pythonhosted.org/packages/f9/19/427e5943b276a0dd74c2a1f1d7a7393443f13d1ee47dedb3f8127903c080/tree_sitter-0.25.2-cp311-cp311-win_amd64.whl", hash = "sha256:56ac6602c7d09c2c507c55e58dc7026b8988e0475bd0002f8a386cce5e8e8adc", size = 127304, upload-time = "2025-09-25T17:37:30.549Z" },
    { url = "https://files.pythonhosted.org/packages/eb/d9/eef856dc15f784d85d1397a17f3ee0f82df7778efce9e1961203abfe376a/tree_sitter-0.25.2-cp311-cp311-win_arm64.whl", hash = "sha256:b3d11a3a3ac89bb8a2543d75597f905a9926f9c806f40fcca8242922d1cc6ad5", size = 113990, upload-time = "2025-09-25T17:37:31.852Z" },
    { url = "https://files.pythonhosted.org/packages/3c/9e/20c2a00a862f1c2897a436b17edb774e831b22218083b459d0d081c9db33/tree_sitter-0.25.2-cp312-cp312-macosx_10_13_x86_64.whl", hash = "sha256:ddabfff809ffc983fc9963455ba1cecc90295803e06e140a4c83e94c1fa3d960", size = 146941, upload-time = "2025-09-25T17:37:34.813Z" },
    { url = "https://files.pythonhosted.org/packages/ef/04/8512e2062e652a1016e840ce36ba1cc33258b0dcc4e500d8089b4054afec/tree_sitter-0.25.2-cp312-cp312-macosx_11_0_arm64.whl", hash = "sha256:c0c0ab5f94938a23fe81928a21cc0fac44143133ccc4eb7eeb1b92f84748331c", size = 137699, upload-time = "2025-09-25T17:37:36.349Z" },
    { url = "https://files.pythonhosted.org/packages/47/8a/d48c0414db19307b0fb3bb10d76a3a0cbe275bb293f145ee7fba2abd668e/tree_sitter-0.25.2-cp312-cp312-manylinux2014_aarch64.manylinux_2_17_aarch64.manylinux_2_28_aarch64.whl", hash = "sha256:dd12d80d91d4114ca097626eb82714618dcdfacd6a5e0955216c6485c350ef99", size = 607125, upload-time = "2025-09-25T17:37:37.725Z" },
    { url = "https://files.pythonhosted.org/packages/39/d1/b95f545e9fc5001b8a78636ef942a4e4e536580caa6a99e73dd0a02e87aa/tree_sitter-0.25.2-cp312-cp312-manylinux2014_x86_64.manylinux_2_17_x86_64.manylinux_2_28_x86_64.whl", hash = "sha256:b43a9e4c89d4d0839de27cd4d6902d33396de700e9ff4c5ab7631f277a85ead9", size = 635418, upload-time = "2025-09-25T17:37:38.922Z" },
    { url = "https://files.pythonhosted.org/packages/de/4d/b734bde3fb6f3513a010fa91f1f2875442cdc0382d6a949005cd84563d8f/tree_sitter-0.25.2-cp312-cp312-musllinux_1_2_x86_64.whl", hash = "sha256:fbb1706407c0e451c4f8cc016fec27d72d4b211fdd3173320b1ada7a6c74c3ac", size = 631250, upload-time = "2025-09-25T17:37:40.039Z" },
    { url = "https://files.pythonhosted.org/packages/46/f2/5f654994f36d10c64d50a192239599fcae46677491c8dd53e7579c35a3e3/tree_sitter-0.25.2-cp312-cp312-win_amd64.whl", hash = "sha256:6d0302550bbe4620a5dc7649517c4409d74ef18558276ce758419cf09e578897", size = 127156, upload-time = "2025-09-25T17:37:41.132Z" },
    { url = "https://files.pythonhosted.org/packages/67/23/148c468d410efcf0a9535272d81c258d840c27b34781d625f1f627e2e27d/tree_sitter-0.25.2-cp312-cp312-win_arm64.whl", hash = "sha256:0c8b6682cac77e37cfe5cf7ec388844957f48b7bd8d6321d0ca2d852994e10d5", size = 113984, upload-time = "2025-09-25T17:37:42.074Z" },
    { url = "https://files.pythonhosted.org/packages/8c/67/67492014ce32729b63d7ef318a19f9cfedd855d677de5773476caf771e96/tree_sitter-0.25.2-cp313-cp313-macosx_10_13_x86_64.whl", hash = "sha256:0628671f0de69bb279558ef6b640bcfc97864fe0026d840f872728a86cd6b6cd", size = 146926, upload-time = "2025-09-25T17:37:43.041Z" },
    { url = "https://files.pythonhosted.org/packages/4e/9c/a278b15e6b263e86c5e301c82a60923fa7c59d44f78d7a110a89a413e640/tree_sitter-0.25.2-cp313-cp313-macosx_11_0_arm64.whl", hash = "sha256:f5ddcd3e291a749b62521f71fc953f66f5fd9743973fd6dd962b092773569601", size = 137712, upload-time = "2025-09-25T17:37:44.039Z" },
    { url = "https://files.pythonhosted.org/packages/54/9a/423bba15d2bf6473ba67846ba5244b988cd97a4b1ea2b146822162256794/tree_sitter-0.25.2-cp313-cp313-manylinux2014_aarch64.manylinux_2_17_aarch64.manylinux_2_28_aarch64.whl", hash = "sha256:bd88fbb0f6c3a0f28f0a68d72df88e9755cf5215bae146f5a1bdc8362b772053", size = 607873, upload-time = "2025-09-25T17:37:45.477Z" },
    { url = "https://files.pythonhosted.org/packages/ed/4c/b430d2cb43f8badfb3a3fa9d6cd7c8247698187b5674008c9d67b2a90c8e/tree_sitter-0.25.2-cp313-cp313-manylinux2014_x86_64.manylinux_2_17_x86_64.manylinux_2_28_x86_64.whl", hash = "sha256:b878e296e63661c8e124177cc3084b041ba3f5936b43076d57c487822426f614", size = 636313, upload-time = "2025-09-25T17:37:46.68Z" },
    { url = "https://files.pythonhosted.org/packages/9d/27/5f97098dbba807331d666a0997662e82d066e84b17d92efab575d283822f/tree_sitter-0.25.2-cp313-cp313-musllinux_1_2_x86_64.whl", hash = "sha256:d77605e0d353ba3fe5627e5490f0fbfe44141bafa4478d88ef7954a61a848dae", size = 631370, upload-time = "2025-09-25T17:37:47.993Z" },
    { url = "https://files.pythonhosted.org/packages/d4/3c/87caaed663fabc35e18dc704cd0e9800a0ee2f22bd18b9cbe7c10799895d/tree_sitter-0.25.2-cp313-cp313-win_amd64.whl", hash = "sha256:463c032bd02052d934daa5f45d183e0521ceb783c2548501cf034b0beba92c9b", size = 127157, upload-time = "2025-09-25T17:37:48.967Z" },
    { url = "https://files.pythonhosted.org/packages/d5/23/f8467b408b7988aff4ea40946a4bd1a2c1a73d17156a9d039bbaff1e2ceb/tree_sitter-0.25.2-cp313-cp313-win_arm64.whl", hash = "sha256:b3f63a1796886249bd22c559a5944d64d05d43f2be72961624278eff0dcc5cb8", size = 113975, upload-time = "2025-09-25T17:37:49.922Z" },
    { url = "https://files.pythonhosted.org/packages/07/e3/d9526ba71dfbbe4eba5e51d89432b4b333a49a1e70712aa5590cd22fc74f/tree_sitter-0.25.2-cp314-cp314-macosx_10_13_x86_64.whl", hash = "sha256:65d3c931013ea798b502782acab986bbf47ba2c452610ab0776cf4a8ef150fc0", size = 146776, upload-time = "2025-09-25T17:37:50.898Z" },
    { url = "https://files.pythonhosted.org/packages/42/97/4bd4ad97f85a23011dd8a535534bb1035c4e0bac1234d58f438e15cff51f/tree_sitter-0.25.2-cp314-cp314-macosx_11_0_arm64.whl", hash = "sha256:bda059af9d621918efb813b22fb06b3fe00c3e94079c6143fcb2c565eb44cb87", size = 137732, upload-time = "2025-09-25T17:37:51.877Z" },
    { url = "https://files.pythonhosted.org/packages/b6/19/1e968aa0b1b567988ed522f836498a6a9529a74aab15f09dd9ac1e41f505/tree_sitter-0.25.2-cp314-cp314-manylinux2014_aarch64.manylinux_2_17_aarch64.manylinux_2_28_aarch64.whl", hash = "sha256:eac4e8e4c7060c75f395feec46421eb61212cb73998dbe004b7384724f3682ab", size = 609456, upload-time = "2025-09-25T17:37:52.925Z" },
    { url = "https://files.pythonhosted.org/packages/48/b6/cf08f4f20f4c9094006ef8828555484e842fc468827ad6e56011ab668dbd/tree_sitter-0.25.2-cp314-cp314-manylinux2014_x86_64.manylinux_2_17_x86_64.manylinux_2_28_x86_64.whl", hash = "sha256:260586381b23be33b6191a07cea3d44ecbd6c01aa4c6b027a0439145fcbc3358", size = 636772, upload-time = "2025-09-25T17:37:54.647Z" },
    { url = "https://files.pythonhosted.org/packages/57/e2/d42d55bf56360987c32bc7b16adb06744e425670b823fb8a5786a1cea991/tree_sitter-0.25.2-cp314-cp314-musllinux_1_2_x86_64.whl", hash = "sha256:7d2ee1acbacebe50ba0f85fff1bc05e65d877958f00880f49f9b2af38dce1af0", size = 631522, upload-time = "2025-09-25T17:37:55.833Z" },
    { url = "https://files.pythonhosted.org/packages/03/87/af9604ebe275a9345d88c3ace0cf2a1341aa3f8ef49dd9fc11662132df8a/tree_sitter-0.25.2-cp314-cp314-win_amd64.whl", hash = "sha256:4973b718fcadfb04e59e746abfbb0288694159c6aeecd2add59320c03368c721", size = 130864, upload-time = "2025-09-25T17:37:57.453Z" },
    { url = "https://files.pythonhosted.org/packages/a6/6e/e64621037357acb83d912276ffd30a859ef117f9c680f2e3cb955f47c680/tree_sitter-0.25.2-cp314-cp314-win_arm64.whl", hash = "sha256:b8d4429954a3beb3e844e2872610d2a4800ba4eb42bb1990c6a4b1949b18459f", size = 117470, upload-time = "2025-09-25T17:37:58.431Z" },
]

[[package]]
name = "tree-sitter-java"
version = "0.23.5"
source = { registry = "https://pypi.org/simple" }
sdist = { url = "https://files.pythonhosted.org/packages/fa/dc/eb9c8f96304e5d8ae1663126d89967a622a80937ad2909903569ccb7ec8f/tree_sitter_java-0.23.5.tar.gz", hash = "sha256:f5cd57b8f1270a7f0438878750d02ccc79421d45cca65ff284f1527e9ef02e38", size = 138121, upload-time = "2024-12-21T18:24:26.936Z" }
wheels = [
    { url = "https://files.pythonhosted.org/packages/67/21/b3399780b440e1567a11d384d0ebb1aea9b642d0d98becf30fa55c0e3a3b/tree_sitter_java-0.23.5-cp39-abi3-macosx_10_9_x86_64.whl", hash = "sha256:355ce0308672d6f7013ec913dee4a0613666f4cda9044a7824240d17f38209df", size = 58926, upload-time = "2024-12-21T18:24:12.53Z" },
    { url = "https://files.pythonhosted.org/packages/57/ef/6406b444e2a93bc72a04e802f4107e9ecf04b8de4a5528830726d210599c/tree_sitter_java-0.23.5-cp39-abi3-macosx_11_0_arm64.whl", hash = "sha256:24acd59c4720dedad80d548fe4237e43ef2b7a4e94c8549b0ca6e4c4d7bf6e69", size = 62288, upload-time = "2024-12-21T18:24:14.634Z" },
    { url = "https://files.pythonhosted.org/packages/4e/6c/74b1c150d4f69c291ab0b78d5dd1b59712559bbe7e7daf6d8466d483463f/tree_sitter_java-0.23.5-cp39-abi3-manylinux_2_17_aarch64.manylinux2014_aarch64.whl", hash = "sha256:9401e7271f0b333df39fc8a8336a0caf1b891d9a2b89ddee99fae66b794fc5b7", size = 85533, upload-time = "2024-12-21T18:24:16.695Z" },
    { url = "https://files.pythonhosted.org/packages/29/09/e0d08f5c212062fd046db35c1015a2621c2631bc8b4aae5740d7adb276ad/tree_sitter_java-0.23.5-cp39-abi3-manylinux_2_5_x86_64.manylinux1_x86_64.manylinux_2_17_x86_64.manylinux2014_x86_64.whl", hash = "sha256:370b204b9500b847f6d0c5ad584045831cee69e9a3e4d878535d39e4a7e4c4f1", size = 84033, upload-time = "2024-12-21T18:24:18.758Z" },
    { url = "https://files.pythonhosted.org/packages/43/56/7d06b23ddd09bde816a131aa504ee11a1bbe87c6b62ab9b2ed23849a3382/tree_sitter_java-0.23.5-cp39-abi3-musllinux_1_2_x86_64.whl", hash = "sha256:aae84449e330363b55b14a2af0585e4e0dae75eb64ea509b7e5b0e1de536846a", size = 82564, upload-time = "2024-12-21T18:24:20.493Z" },
    { url = "https://files.pythonhosted.org/packages/da/d6/0528c7e1e88a18221dbd8ccee3825bf274b1fa300f745fd74eb343878043/tree_sitter_java-0.23.5-cp39-abi3-win_amd64.whl", hash = "sha256:1ee45e790f8d31d416bc84a09dac2e2c6bc343e89b8a2e1d550513498eedfde7", size = 60650, upload-time = "2024-12-21T18:24:22.902Z" },
    { url = "https://files.pythonhosted.org/packages/72/57/5bab54d23179350356515526fff3cc0f3ac23bfbc1a1d518a15978d4880e/tree_sitter_java-0.23.5-cp39-abi3-win_arm64.whl", hash = "sha256:402efe136104c5603b429dc26c7e75ae14faaca54cfd319ecc41c8f2534750f4", size = 59059, upload-time = "2024-12-21T18:24:24.934Z" },
]

[[package]]
name = "tree-sitter-javadoc"
version = "0.2.4"
source = { directory = "../" }

[package.metadata]
requires-dist = [{ name = "tree-sitter", marker = "extra == 'core'", specifier = "~=0.25" }]
provides-extras = ["core"]

[[package]]
name = "ty"
version = "0.0.7"
source = { registry = "https://pypi.org/simple" }
sdist = { url = "https://files.pythonhosted.org/packages/b3/43/8be3ec2e2ce6119cff9ee3a207fae0cb4f2b4f8ed6534175130a32be24a7/ty-0.0.7.tar.gz", hash = "sha256:90e53b20b86c418ee41a8385f17da44cc7f916f96f9eee87593423ce8292ca72", size = 4826677, upload-time = "2025-12-24T21:28:49.136Z" }
wheels = [
    { url = "https://files.pythonhosted.org/packages/6e/56/fafa123acf955089306372add312f16e97aba61f7c4daf74e2bb9c350d23/ty-0.0.7-py3-none-linux_armv6l.whl", hash = "sha256:b30105bd9a0b064497111c50c206d5b6a032f29bcf39f09a12085c3009d72784", size = 9862360, upload-time = "2025-12-24T21:28:36.762Z" },
    { url = "https://files.pythonhosted.org/packages/71/f4/9c30ff498d9a60e24f16d26c0cf93cd03a119913ffa720a77149f02df06e/ty-0.0.7-py3-none-macosx_10_12_x86_64.whl", hash = "sha256:b4df20889115f3d5611a9d9cdedc222e3fd82b5fe87bb0a9f7246e53a23becc7", size = 9712866, upload-time = "2025-12-24T21:28:25.926Z" },
    { url = "https://files.pythonhosted.org/packages/43/84/e06a4a6e4011890027ffee41efbf261b1335103d09009d625ace7f1a60eb/ty-0.0.7-py3-none-macosx_11_0_arm64.whl", hash = "sha256:f699589d8511e1e17c5a7edfc5f4a4e80f2a6d4a3932a0e9e3422fd32d731472", size = 9221692, upload-time = "2025-12-24T21:28:29.649Z" },
    { url = "https://files.pythonhosted.org/packages/7a/e9/ebb4192d3627730125d40ee403a17dc91bab59d69c3eff286453b3218d01/ty-0.0.7-py3-none-manylinux_2_17_aarch64.manylinux2014_aarch64.whl", hash = "sha256:f3eaec2d8aa153ee4bcc43b17a384d0f9e66177c8c8127be3358b6b8348b9e3b", size = 9710340, upload-time = "2025-12-24T21:28:55.148Z" },
    { url = "https://files.pythonhosted.org/packages/8f/4a/ec144458a9cfb324d5cb471483094e62e74d73179343dff262a5cca1a1e1/ty-0.0.7-py3-none-manylinux_2_17_armv7l.manylinux2014_armv7l.whl", hash = "sha256:177d160295e6a56bdf0b61f6120bc4502fff301d4d10855ba711c109aa7f37fb", size = 9670317, upload-time = "2025-12-24T21:28:43.096Z" },
    { url = "https://files.pythonhosted.org/packages/b6/94/fe7106fd5e2ac06b81fba7b785a6216774618edc3fda9e17f58efe3cede6/ty-0.0.7-py3-none-manylinux_2_17_i686.manylinux2014_i686.whl", hash = "sha256:30518b95ab5cc83615794cca765a5fb86df39a0d9c3dadc0ab2d787ab7830008", size = 10096517, upload-time = "2025-12-24T21:28:23.667Z" },
    { url = "https://files.pythonhosted.org/packages/45/d9/db96ccfd663c96bdd4bb63db72899198c01445012f939477a5318a563f14/ty-0.0.7-py3-none-manylinux_2_17_ppc64.manylinux2014_ppc64.whl", hash = "sha256:7867b3f75c2d9602cc6fb3b6d462580b707c2d112d4b27037142b0d01f8bfd03", size = 10996406, upload-time = "2025-12-24T21:28:39.134Z" },
    { url = "https://files.pythonhosted.org/packages/94/da/103915c08c3e6a14f95959614646fcdc9a240cd9a039fadbdcd086c819ee/ty-0.0.7-py3-none-manylinux_2_17_ppc64le.manylinux2014_ppc64le.whl", hash = "sha256:878d45858e209b7904753fbc5155f4cb75dadc20a26bbb77614bfef31580f9ae", size = 10712829, upload-time = "2025-12-24T21:28:27.745Z" },
    { url = "https://files.pythonhosted.org/packages/47/c0/d9be417bc8e459e13e9698978579eec9868f91f4c5d6ef663249967fec8b/ty-0.0.7-py3-none-manylinux_2_17_s390x.manylinux2014_s390x.whl", hash = "sha256:651820b193901825afce40ae68f6a51cd64dbfa4b81a45db90061401261f25e4", size = 10486541, upload-time = "2025-12-24T21:28:45.17Z" },
    { url = "https://files.pythonhosted.org/packages/ad/09/d1858c66620d8ae566e021ad0d7168914b1568841f8fe9e439116ce6b440/ty-0.0.7-py3-none-manylinux_2_17_x86_64.manylinux2014_x86_64.whl", hash = "sha256:f56a5a0c1c045863b1b70c358a392b3f73b8528c5c571d409f19dd465525e116", size = 10255312, upload-time = "2025-12-24T21:28:53.17Z" },
    { url = "https://files.pythonhosted.org/packages/b6/0a/78f75089db491fd5fcc13d2845a0b2771b7f7d377450c64c6616e9c227bc/ty-0.0.7-py3-none-musllinux_1_2_aarch64.whl", hash = "sha256:748218fbc1f7b7f1b9d14e77d4f3d7fec72af794417e26b0185bdb94153afe1c", size = 9696201, upload-time = "2025-12-24T21:28:57.345Z" },
    { url = "https://files.pythonhosted.org/packages/01/9e/b26e94832fd563fef6f77a4487affc77a027b0e53106422c66aafb37fa01/ty-0.0.7-py3-none-musllinux_1_2_armv7l.whl", hash = "sha256:1ff80f3985a52a7358b9069b4a8d223e92cf312544a934a062d6d3a4fb6876b3", size = 9688907, upload-time = "2025-12-24T21:28:59.485Z" },
    { url = "https://files.pythonhosted.org/packages/5a/8f/cc48601fb92c964cf6c34277e0d947076146b7de47aa11b5dbae45e01ce7/ty-0.0.7-py3-none-musllinux_1_2_i686.whl", hash = "sha256:a808910ce672ba4446699f4c021283208f58f988bcfc3bdbdfc6e005819d9ee0", size = 9829982, upload-time = "2025-12-24T21:28:34.429Z" },
    { url = "https://files.pythonhosted.org/packages/b5/af/7fa9c2bfa25865968bded637f7e71f1a712f4fbede88f487b6a9101ab936/ty-0.0.7-py3-none-musllinux_1_2_x86_64.whl", hash = "sha256:2718fea5f314eda01703fb406ec89b1fc8710b3fc6a09bbd6f7a4f3502ddc889", size = 10361037, upload-time = "2025-12-24T21:28:47.027Z" },
    { url = "https://files.pythonhosted.org/packages/1c/5b/1a6ff1495975cd1c02aa8d03bc5c9d8006eaeb8bf354446f88d70f0518fd/ty-0.0.7-py3-none-win32.whl", hash = "sha256:ae89bb8dc50deb66f34eab3113aa61ac5d7f85ecf16279e5918548085a89021c", size = 9295092, upload-time = "2025-12-24T21:28:51.041Z" },
    { url = "https://files.pythonhosted.org/packages/ff/f6/47e9364635d048002354f84d2d0d6dfc9eb166dc67850739f88e1fec4fc5/ty-0.0.7-py3-none-win_amd64.whl", hash = "sha256:25bd20e3d4d0f07b422f9b42711ba24d28116031273bd23dbda66cec14df1c06", size = 10162816, upload-time = "2025-12-24T21:28:41.006Z" },
    { url = "https://files.pythonhosted.org/packages/7f/f4/c4fc28410c4493982b7481fb23f62bacb02fd2912ebec3b9bc7de18bebb8/ty-0.0.7-py3-none-win_arm64.whl", hash = "sha256:c87d27484dba9fca0053b6a9eee47eecc760aab2bbb8e6eab3d7f81531d1ad0c", size = 9653112, upload-time = "2025-12-24T21:28:31.562Z" },
]
